// !$*UTF8*$!
{
	archiveVersion = 1;
	classes = {
	};
	objectVersion = 50;
	objects = {

/* Begin PBXBuildFile section */
		0D51EC8F26558AE40085382C /* AppDelegate.swift in Sources */ = {isa = PBXBuildFile; fileRef = 0D51EC8E26558AE40085382C /* AppDelegate.swift */; };
		0D51EC9126558AE40085382C /* SceneDelegate.swift in Sources */ = {isa = PBXBuildFile; fileRef = 0D51EC9026558AE40085382C /* SceneDelegate.swift */; };
		0D51EC9826558AE50085382C /* Assets.xcassets in Resources */ = {isa = PBXBuildFile; fileRef = 0D51EC9726558AE50085382C /* Assets.xcassets */; };
		0D51EC9B26558AE50085382C /* LaunchScreen.storyboard in Resources */ = {isa = PBXBuildFile; fileRef = 0D51EC9926558AE50085382C /* LaunchScreen.storyboard */; };
		0D51ECA526558C570085382C /* PlaceHolder.swift in Sources */ = {isa = PBXBuildFile; fileRef = 0D51ECA426558C570085382C /* PlaceHolder.swift */; };
		0D51ECAE26558C900085382C /* PlaceHolder.swift in Sources */ = {isa = PBXBuildFile; fileRef = 0D51ECAD26558C900085382C /* PlaceHolder.swift */; };
		0D51ECB026558CA10085382C /* PlaceHolder.swift in Sources */ = {isa = PBXBuildFile; fileRef = 0D51ECAF26558CA10085382C /* PlaceHolder.swift */; };
		0D51ECB226558CAA0085382C /* PlaceHolder.swift in Sources */ = {isa = PBXBuildFile; fileRef = 0D51ECB126558CAA0085382C /* PlaceHolder.swift */; };
		C0B0CA8F265591DA00A8101A /* Jantsen.storyboard in Resources */ = {isa = PBXBuildFile; fileRef = C0B0CA8E265591DA00A8101A /* Jantsen.storyboard */; };
		C0B0CA91265599E300A8101A /* TicTacToe1ViewController.swift in Sources */ = {isa = PBXBuildFile; fileRef = C0B0CA90265599E300A8101A /* TicTacToe1ViewController.swift */; };
/* End PBXBuildFile section */

/* Begin PBXFileReference section */
		0D51EC8B26558AE40085382C /* TicTacToe.app */ = {isa = PBXFileReference; explicitFileType = wrapper.application; includeInIndex = 0; path = TicTacToe.app; sourceTree = BUILT_PRODUCTS_DIR; };
		0D51EC8E26558AE40085382C /* AppDelegate.swift */ = {isa = PBXFileReference; lastKnownFileType = sourcecode.swift; path = AppDelegate.swift; sourceTree = "<group>"; };
		0D51EC9026558AE40085382C /* SceneDelegate.swift */ = {isa = PBXFileReference; lastKnownFileType = sourcecode.swift; path = SceneDelegate.swift; sourceTree = "<group>"; };
		0D51EC9726558AE50085382C /* Assets.xcassets */ = {isa = PBXFileReference; lastKnownFileType = folder.assetcatalog; path = Assets.xcassets; sourceTree = "<group>"; };
		0D51EC9A26558AE50085382C /* Base */ = {isa = PBXFileReference; lastKnownFileType = file.storyboard; name = Base; path = Base.lproj/LaunchScreen.storyboard; sourceTree = "<group>"; };
		0D51EC9C26558AE50085382C /* Info.plist */ = {isa = PBXFileReference; lastKnownFileType = text.plist.xml; path = Info.plist; sourceTree = "<group>"; };
		0D51ECA426558C570085382C /* PlaceHolder.swift */ = {isa = PBXFileReference; lastKnownFileType = sourcecode.swift; path = PlaceHolder.swift; sourceTree = "<group>"; };
		0D51ECAD26558C900085382C /* PlaceHolder.swift */ = {isa = PBXFileReference; lastKnownFileType = sourcecode.swift; path = PlaceHolder.swift; sourceTree = "<group>"; };
		0D51ECAF26558CA10085382C /* PlaceHolder.swift */ = {isa = PBXFileReference; lastKnownFileType = sourcecode.swift; path = PlaceHolder.swift; sourceTree = "<group>"; };
		0D51ECB126558CAA0085382C /* PlaceHolder.swift */ = {isa = PBXFileReference; lastKnownFileType = sourcecode.swift; path = PlaceHolder.swift; sourceTree = "<group>"; };
		C0B0CA8E265591DA00A8101A /* Jantsen.storyboard */ = {isa = PBXFileReference; lastKnownFileType = file.storyboard; path = Jantsen.storyboard; sourceTree = "<group>"; };
		C0B0CA90265599E300A8101A /* TicTacToe1ViewController.swift */ = {isa = PBXFileReference; lastKnownFileType = sourcecode.swift; path = TicTacToe1ViewController.swift; sourceTree = "<group>"; };
/* End PBXFileReference section */

/* Begin PBXFrameworksBuildPhase section */
		0D51EC8826558AE40085382C /* Frameworks */ = {
			isa = PBXFrameworksBuildPhase;
			buildActionMask = 2147483647;
			files = (
			);
			runOnlyForDeploymentPostprocessing = 0;
		};
/* End PBXFrameworksBuildPhase section */

/* Begin PBXGroup section */
		0D51EC8226558AE40085382C = {
			isa = PBXGroup;
			children = (
				0D51EC8D26558AE40085382C /* TicTacToe */,
				0D51EC8C26558AE40085382C /* Products */,
			);
			sourceTree = "<group>";
		};
		0D51EC8C26558AE40085382C /* Products */ = {
			isa = PBXGroup;
			children = (
				0D51EC8B26558AE40085382C /* TicTacToe.app */,
			);
			name = Products;
			sourceTree = "<group>";
		};
		0D51EC8D26558AE40085382C /* TicTacToe */ = {
			isa = PBXGroup;
			children = (
				0D51ECA826558C640085382C /* Models */,
				0D51ECA726558C5F0085382C /* Controllers */,
				0D51ECA626558C5A0085382C /* Views */,
				0D51ECA326558C3E0085382C /* Helpers */,
				0D51ECA226558C350085382C /* Resources */,
			);
			path = TicTacToe;
			sourceTree = "<group>";
		};
		0D51ECA226558C350085382C /* Resources */ = {
			isa = PBXGroup;
			children = (
				0D51EC8E26558AE40085382C /* AppDelegate.swift */,
				0D51EC9026558AE40085382C /* SceneDelegate.swift */,
				0D51EC9726558AE50085382C /* Assets.xcassets */,
				0D51EC9926558AE50085382C /* LaunchScreen.storyboard */,
				0D51EC9C26558AE50085382C /* Info.plist */,
			);
			path = Resources;
			sourceTree = "<group>";
		};
		0D51ECA326558C3E0085382C /* Helpers */ = {
			isa = PBXGroup;
			children = (
				0D51ECA426558C570085382C /* PlaceHolder.swift */,
			);
			path = Helpers;
			sourceTree = "<group>";
		};
		0D51ECA626558C5A0085382C /* Views */ = {
			isa = PBXGroup;
			children = (
				0D51ECAC26558C7E0085382C /* CustomViews */,
				0D51ECAB26558C770085382C /* Storyboards */,
			);
			path = Views;
			sourceTree = "<group>";
		};
		0D51ECA726558C5F0085382C /* Controllers */ = {
			isa = PBXGroup;
			children = (
				0D51ECAA26558C710085382C /* ModelControllers */,
				0D51ECA926558C680085382C /* ViewControllers */,
			);
			path = Controllers;
			sourceTree = "<group>";
		};
		0D51ECA826558C640085382C /* Models */ = {
			isa = PBXGroup;
			children = (
				0D51ECB126558CAA0085382C /* PlaceHolder.swift */,
			);
			path = Models;
			sourceTree = "<group>";
		};
		0D51ECA926558C680085382C /* ViewControllers */ = {
			isa = PBXGroup;
			children = (
				C0B0CA90265599E300A8101A /* TicTacToe1ViewController.swift */,
			);
			path = ViewControllers;
			sourceTree = "<group>";
		};
		0D51ECAA26558C710085382C /* ModelControllers */ = {
			isa = PBXGroup;
			children = (
				0D51ECAF26558CA10085382C /* PlaceHolder.swift */,
			);
			path = ModelControllers;
			sourceTree = "<group>";
		};
		0D51ECAB26558C770085382C /* Storyboards */ = {
			isa = PBXGroup;
			children = (
				C0B0CA8E265591DA00A8101A /* Jantsen.storyboard */,
			);
			path = Storyboards;
			sourceTree = "<group>";
		};
		0D51ECAC26558C7E0085382C /* CustomViews */ = {
			isa = PBXGroup;
			children = (
				0D51ECAD26558C900085382C /* PlaceHolder.swift */,
			);
			path = CustomViews;
			sourceTree = "<group>";
		};
/* End PBXGroup section */

/* Begin PBXNativeTarget section */
		0D51EC8A26558AE40085382C /* TicTacToe */ = {
			isa = PBXNativeTarget;
			buildConfigurationList = 0D51EC9F26558AE50085382C /* Build configuration list for PBXNativeTarget "TicTacToe" */;
			buildPhases = (
				0D51EC8726558AE40085382C /* Sources */,
				0D51EC8826558AE40085382C /* Frameworks */,
				0D51EC8926558AE40085382C /* Resources */,
			);
			buildRules = (
			);
			dependencies = (
			);
			name = TicTacToe;
			productName = TicTacToe;
			productReference = 0D51EC8B26558AE40085382C /* TicTacToe.app */;
			productType = "com.apple.product-type.application";
		};
/* End PBXNativeTarget section */

/* Begin PBXProject section */
		0D51EC8326558AE40085382C /* Project object */ = {
			isa = PBXProject;
			attributes = {
				LastSwiftUpdateCheck = 1250;
				LastUpgradeCheck = 1250;
				TargetAttributes = {
					0D51EC8A26558AE40085382C = {
						CreatedOnToolsVersion = 12.5;
					};
				};
			};
			buildConfigurationList = 0D51EC8626558AE40085382C /* Build configuration list for PBXProject "TicTacToe" */;
			compatibilityVersion = "Xcode 9.3";
			developmentRegion = en;
			hasScannedForEncodings = 0;
			knownRegions = (
				en,
				Base,
			);
			mainGroup = 0D51EC8226558AE40085382C;
			productRefGroup = 0D51EC8C26558AE40085382C /* Products */;
			projectDirPath = "";
			projectRoot = "";
			targets = (
				0D51EC8A26558AE40085382C /* TicTacToe */,
			);
		};
/* End PBXProject section */

/* Begin PBXResourcesBuildPhase section */
		0D51EC8926558AE40085382C /* Resources */ = {
			isa = PBXResourcesBuildPhase;
			buildActionMask = 2147483647;
			files = (
				C0B0CA8F265591DA00A8101A /* Jantsen.storyboard in Resources */,
				0D51EC9B26558AE50085382C /* LaunchScreen.storyboard in Resources */,
				0D51EC9826558AE50085382C /* Assets.xcassets in Resources */,
			);
			runOnlyForDeploymentPostprocessing = 0;
		};
/* End PBXResourcesBuildPhase section */

/* Begin PBXSourcesBuildPhase section */
		0D51EC8726558AE40085382C /* Sources */ = {
			isa = PBXSourcesBuildPhase;
			buildActionMask = 2147483647;
			files = (
				C0B0CA91265599E300A8101A /* TicTacToe1ViewController.swift in Sources */,
				0D51ECB226558CAA0085382C /* PlaceHolder.swift in Sources */,
				0D51EC8F26558AE40085382C /* AppDelegate.swift in Sources */,
				0D51EC9126558AE40085382C /* SceneDelegate.swift in Sources */,
				0D51ECAE26558C900085382C /* PlaceHolder.swift in Sources */,
				0D51ECA526558C570085382C /* PlaceHolder.swift in Sources */,
				0D51ECB026558CA10085382C /* PlaceHolder.swift in Sources */,
			);
			runOnlyForDeploymentPostprocessing = 0;
		};
/* End PBXSourcesBuildPhase section */

/* Begin PBXVariantGroup section */
		0D51EC9926558AE50085382C /* LaunchScreen.storyboard */ = {
			isa = PBXVariantGroup;
			children = (
				0D51EC9A26558AE50085382C /* Base */,
			);
			name = LaunchScreen.storyboard;
			sourceTree = "<group>";
		};
/* End PBXVariantGroup section */

/* Begin XCBuildConfiguration section */
		0D51EC9D26558AE50085382C /* Debug */ = {
			isa = XCBuildConfiguration;
			buildSettings = {
				ALWAYS_SEARCH_USER_PATHS = NO;
				CLANG_ANALYZER_NONNULL = YES;
				CLANG_ANALYZER_NUMBER_OBJECT_CONVERSION = YES_AGGRESSIVE;
				CLANG_CXX_LANGUAGE_STANDARD = "gnu++14";
				CLANG_CXX_LIBRARY = "libc++";
				CLANG_ENABLE_MODULES = YES;
				CLANG_ENABLE_OBJC_ARC = YES;
				CLANG_ENABLE_OBJC_WEAK = YES;
				CLANG_WARN_BLOCK_CAPTURE_AUTORELEASING = YES;
				CLANG_WARN_BOOL_CONVERSION = YES;
				CLANG_WARN_COMMA = YES;
				CLANG_WARN_CONSTANT_CONVERSION = YES;
				CLANG_WARN_DEPRECATED_OBJC_IMPLEMENTATIONS = YES;
				CLANG_WARN_DIRECT_OBJC_ISA_USAGE = YES_ERROR;
				CLANG_WARN_DOCUMENTATION_COMMENTS = YES;
				CLANG_WARN_EMPTY_BODY = YES;
				CLANG_WARN_ENUM_CONVERSION = YES;
				CLANG_WARN_INFINITE_RECURSION = YES;
				CLANG_WARN_INT_CONVERSION = YES;
				CLANG_WARN_NON_LITERAL_NULL_CONVERSION = YES;
				CLANG_WARN_OBJC_IMPLICIT_RETAIN_SELF = YES;
				CLANG_WARN_OBJC_LITERAL_CONVERSION = YES;
				CLANG_WARN_OBJC_ROOT_CLASS = YES_ERROR;
				CLANG_WARN_QUOTED_INCLUDE_IN_FRAMEWORK_HEADER = YES;
				CLANG_WARN_RANGE_LOOP_ANALYSIS = YES;
				CLANG_WARN_STRICT_PROTOTYPES = YES;
				CLANG_WARN_SUSPICIOUS_MOVE = YES;
				CLANG_WARN_UNGUARDED_AVAILABILITY = YES_AGGRESSIVE;
				CLANG_WARN_UNREACHABLE_CODE = YES;
				CLANG_WARN__DUPLICATE_METHOD_MATCH = YES;
				COPY_PHASE_STRIP = NO;
				DEBUG_INFORMATION_FORMAT = dwarf;
				ENABLE_STRICT_OBJC_MSGSEND = YES;
				ENABLE_TESTABILITY = YES;
				GCC_C_LANGUAGE_STANDARD = gnu11;
				GCC_DYNAMIC_NO_PIC = NO;
				GCC_NO_COMMON_BLOCKS = YES;
				GCC_OPTIMIZATION_LEVEL = 0;
				GCC_PREPROCESSOR_DEFINITIONS = (
					"DEBUG=1",
					"$(inherited)",
				);
				GCC_WARN_64_TO_32_BIT_CONVERSION = YES;
				GCC_WARN_ABOUT_RETURN_TYPE = YES_ERROR;
				GCC_WARN_UNDECLARED_SELECTOR = YES;
				GCC_WARN_UNINITIALIZED_AUTOS = YES_AGGRESSIVE;
				GCC_WARN_UNUSED_FUNCTION = YES;
				GCC_WARN_UNUSED_VARIABLE = YES;
				IPHONEOS_DEPLOYMENT_TARGET = 14.5;
				MTL_ENABLE_DEBUG_INFO = INCLUDE_SOURCE;
				MTL_FAST_MATH = YES;
				ONLY_ACTIVE_ARCH = YES;
				SDKROOT = iphoneos;
				SWIFT_ACTIVE_COMPILATION_CONDITIONS = DEBUG;
				SWIFT_OPTIMIZATION_LEVEL = "-Onone";
			};
			name = Debug;
		};
		0D51EC9E26558AE50085382C /* Release */ = {
			isa = XCBuildConfiguration;
			buildSettings = {
				ALWAYS_SEARCH_USER_PATHS = NO;
				CLANG_ANALYZER_NONNULL = YES;
				CLANG_ANALYZER_NUMBER_OBJECT_CONVERSION = YES_AGGRESSIVE;
				CLANG_CXX_LANGUAGE_STANDARD = "gnu++14";
				CLANG_CXX_LIBRARY = "libc++";
				CLANG_ENABLE_MODULES = YES;
				CLANG_ENABLE_OBJC_ARC = YES;
				CLANG_ENABLE_OBJC_WEAK = YES;
				CLANG_WARN_BLOCK_CAPTURE_AUTORELEASING = YES;
				CLANG_WARN_BOOL_CONVERSION = YES;
				CLANG_WARN_COMMA = YES;
				CLANG_WARN_CONSTANT_CONVERSION = YES;
				CLANG_WARN_DEPRECATED_OBJC_IMPLEMENTATIONS = YES;
				CLANG_WARN_DIRECT_OBJC_ISA_USAGE = YES_ERROR;
				CLANG_WARN_DOCUMENTATION_COMMENTS = YES;
				CLANG_WARN_EMPTY_BODY = YES;
				CLANG_WARN_ENUM_CONVERSION = YES;
				CLANG_WARN_INFINITE_RECURSION = YES;
				CLANG_WARN_INT_CONVERSION = YES;
				CLANG_WARN_NON_LITERAL_NULL_CONVERSION = YES;
				CLANG_WARN_OBJC_IMPLICIT_RETAIN_SELF = YES;
				CLANG_WARN_OBJC_LITERAL_CONVERSION = YES;
				CLANG_WARN_OBJC_ROOT_CLASS = YES_ERROR;
				CLANG_WARN_QUOTED_INCLUDE_IN_FRAMEWORK_HEADER = YES;
				CLANG_WARN_RANGE_LOOP_ANALYSIS = YES;
				CLANG_WARN_STRICT_PROTOTYPES = YES;
				CLANG_WARN_SUSPICIOUS_MOVE = YES;
				CLANG_WARN_UNGUARDED_AVAILABILITY = YES_AGGRESSIVE;
				CLANG_WARN_UNREACHABLE_CODE = YES;
				CLANG_WARN__DUPLICATE_METHOD_MATCH = YES;
				COPY_PHASE_STRIP = NO;
				DEBUG_INFORMATION_FORMAT = "dwarf-with-dsym";
				ENABLE_NS_ASSERTIONS = NO;
				ENABLE_STRICT_OBJC_MSGSEND = YES;
				GCC_C_LANGUAGE_STANDARD = gnu11;
				GCC_NO_COMMON_BLOCKS = YES;
				GCC_WARN_64_TO_32_BIT_CONVERSION = YES;
				GCC_WARN_ABOUT_RETURN_TYPE = YES_ERROR;
				GCC_WARN_UNDECLARED_SELECTOR = YES;
				GCC_WARN_UNINITIALIZED_AUTOS = YES_AGGRESSIVE;
				GCC_WARN_UNUSED_FUNCTION = YES;
				GCC_WARN_UNUSED_VARIABLE = YES;
				IPHONEOS_DEPLOYMENT_TARGET = 14.5;
				MTL_ENABLE_DEBUG_INFO = NO;
				MTL_FAST_MATH = YES;
				SDKROOT = iphoneos;
				SWIFT_COMPILATION_MODE = wholemodule;
				SWIFT_OPTIMIZATION_LEVEL = "-O";
				VALIDATE_PRODUCT = YES;
			};
			name = Release;
		};
		0D51ECA026558AE50085382C /* Debug */ = {
			isa = XCBuildConfiguration;
			buildSettings = {
				ASSETCATALOG_COMPILER_APPICON_NAME = AppIcon;
				ASSETCATALOG_COMPILER_GLOBAL_ACCENT_COLOR_NAME = AccentColor;
				CODE_SIGN_STYLE = Automatic;
				DEVELOPMENT_TEAM = 25YF96HHP6;
				INFOPLIST_FILE = TicTacToe/Resources/Info.plist;
				LD_RUNPATH_SEARCH_PATHS = (
					"$(inherited)",
					"@executable_path/Frameworks",
				);
				PRODUCT_BUNDLE_IDENTIFIER = "James-Lea.TicTacToe";
				PRODUCT_NAME = "$(TARGET_NAME)";
				SWIFT_VERSION = 5.0;
				TARGETED_DEVICE_FAMILY = "1,2";
			};
			name = Debug;
		};
		0D51ECA126558AE50085382C /* Release */ = {
			isa = XCBuildConfiguration;
			buildSettings = {
				ASSETCATALOG_COMPILER_APPICON_NAME = AppIcon;
				ASSETCATALOG_COMPILER_GLOBAL_ACCENT_COLOR_NAME = AccentColor;
				CODE_SIGN_STYLE = Automatic;
				DEVELOPMENT_TEAM = 25YF96HHP6;
				INFOPLIST_FILE = TicTacToe/Resources/Info.plist;
				LD_RUNPATH_SEARCH_PATHS = (
					"$(inherited)",
					"@executable_path/Frameworks",
				);
				PRODUCT_BUNDLE_IDENTIFIER = "James-Lea.TicTacToe";
				PRODUCT_NAME = "$(TARGET_NAME)";
				SWIFT_VERSION = 5.0;
				TARGETED_DEVICE_FAMILY = "1,2";
			};
			name = Release;
		};
/* End XCBuildConfiguration section */

/* Begin XCConfigurationList section */
		0D51EC8626558AE40085382C /* Build configuration list for PBXProject "TicTacToe" */ = {
			isa = XCConfigurationList;
			buildConfigurations = (
				0D51EC9D26558AE50085382C /* Debug */,
				0D51EC9E26558AE50085382C /* Release */,
			);
			defaultConfigurationIsVisible = 0;
			defaultConfigurationName = Release;
		};
		0D51EC9F26558AE50085382C /* Build configuration list for PBXNativeTarget "TicTacToe" */ = {
			isa = XCConfigurationList;
			buildConfigurations = (
				0D51ECA026558AE50085382C /* Debug */,
				0D51ECA126558AE50085382C /* Release */,
			);
			defaultConfigurationIsVisible = 0;
			defaultConfigurationName = Release;
		};
/* End XCConfigurationList section */
	};
	rootObject = 0D51EC8326558AE40085382C /* Project object */;
}
